Microsoft Visual Studio Solution File, Format Version 11.00
# Visual Studio 2008

Project("{479777BC-34F0-CAF5-293D-1CB7E98FA6F6}") = "garden_landmass", "Assembly-CSharp.csproj", "{751BA590-A084-6C18-620D-B5FD6073D3B6}"
EndProject
Project("{479777BC-34F0-CAF5-293D-1CB7E98FA6F6}") = "garden_landmass", "Assembly-CSharp-Editor.csproj", "{C6D86CD7-33F9-F94E-20AB-6995BAD90605}"
EndProject
Global
	GlobalSection(SolutionConfigurationPlatforms) = preSolution
		Debug|Any CPU = Debug|Any CPU
		Release|Any CPU = Release|Any CPU
	EndGlobalSection
	GlobalSection(ProjectConfigurationPlatforms) = postSolution
		{751BA590-A084-6C18-620D-B5FD6073D3B6}.Debug|Any CPU.ActiveCfg = Debug|Any CPU
		{751BA590-A084-6C18-620D-B5FD6073D3B6}.Debug|Any CPU.Build.0 = Debug|Any CPU
		{751BA590-A084-6C18-620D-B5FD6073D3B6}.Release|Any CPU.ActiveCfg = Release|Any CPU
		{751BA590-A084-6C18-620D-B5FD6073D3B6}.Release|Any CPU.Build.0 = Release|Any CPU
		{C6D86CD7-33F9-F94E-20AB-6995BAD90605}.Debug|Any CPU.ActiveCfg = Debug|Any CPU
		{C6D86CD7-33F9-F94E-20AB-6995BAD90605}.Debug|Any CPU.Build.0 = Debug|Any CPU
		{C6D86CD7-33F9-F94E-20AB-6995BAD90605}.Release|Any CPU.ActiveCfg = Release|Any CPU
		{C6D86CD7-33F9-F94E-20AB-6995BAD90605}.Release|Any CPU.Build.0 = Release|Any CPU
	EndGlobalSection
	GlobalSection(SolutionProperties) = preSolution
		HideSolutionNode = FALSE
	EndGlobalSection
	GlobalSection(MonoDevelopProperties) = preSolution
		StartupItem = Assembly-CSharp.csproj
	EndGlobalSection
EndGlobal
